
Microsoft Visual Studio Solution File, Format Version 12.00
# Visual Studio Version 16
VisualStudioVersion = 16.0.29709.97
MinimumVisualStudioVersion = 10.0.40219.1
Project("{FAE04EC0-301F-11D3-BF4B-00C04F79EFBC}") = "Photo Order", "Photo Order\Photo Order.csproj", "{6357DBCB-5B13-4E57-A3AA-23B766045F72}"
EndProject
Global
	GlobalSection(SolutionConfigurationPlatforms) = preSolution
		Debug|Any CPU = Debug|Any CPU
		Release|Any CPU = Release|Any CPU
	EndGlobalSection
	GlobalSection(ProjectConfigurationPlatforms) = postSolution
		{6357DBCB-5B13-4E57-A3AA-23B766045F72}.Debug|Any CPU.ActiveCfg = Debug|Any CPU
		{6357DBCB-5B13-4E57-A3AA-23B766045F72}.Debug|Any CPU.Build.0 = Debug|Any CPU
		{6357DBCB-5B13-4E57-A3AA-23B766045F72}.Release|Any CPU.ActiveCfg = Release|Any CPU
		{6357DBCB-5B13-4E57-A3AA-23B766045F72}.Release|Any CPU.Build.0 = Release|Any CPU
	EndGlobalSection
	GlobalSection(SolutionProperties) = preSolution
		HideSolutionNode = FALSE
	EndGlobalSection
	GlobalSection(ExtensibilityGlobals) = postSolution
		SolutionGuid = {0A1CD009-A8E0-4E04-BC20-4ED9E288D734}
	EndGlobalSection
EndGlobal
